
Microsoft Visual Studio Solution File, Format Version 12.00
# Visual Studio 15
VisualStudioVersion = 15.0.28010.2036
MinimumVisualStudioVersion = 10.0.40219.1
Project("{8BC9CEB8-8B4A-11D0-8D11-00A0C91BC942}") = "cppvr", "cppvr\cppvr.vcxproj", "{C0CBF6CD-6F9D-439E-B7D1-47F8AC2633A0}"
EndProject
Global
	GlobalSection(SolutionConfigurationPlatforms) = preSolution
		Release|x64 = Release|x64
		Release|x86 = Release|x86
	EndGlobalSection
	GlobalSection(ProjectConfigurationPlatforms) = postSolution
		{C0CBF6CD-6F9D-439E-B7D1-47F8AC2633A0}.Release|x64.ActiveCfg = Release|x64
		{C0CBF6CD-6F9D-439E-B7D1-47F8AC2633A0}.Release|x64.Build.0 = Release|x64
		{C0CBF6CD-6F9D-439E-B7D1-47F8AC2633A0}.Release|x86.ActiveCfg = Release|Win32
		{C0CBF6CD-6F9D-439E-B7D1-47F8AC2633A0}.Release|x86.Build.0 = Release|Win32
	EndGlobalSection
	GlobalSection(SolutionProperties) = preSolution
		HideSolutionNode = FALSE
	EndGlobalSection
	GlobalSection(ExtensibilityGlobals) = postSolution
		SolutionGuid = {9192E084-E0A2-4EFB-920F-8C3AB88FDB1C}
	EndGlobalSection
EndGlobal
