<?xml version="1.0" encoding="utf-8"?>
<Project ToolsVersion="4.0" xmlns="http://schemas.microsoft.com/developer/msbuild/2003">
  <ItemGroup>
    <ClCompile Include="Core.cpp">
      <Filter>Core</Filter>
    </ClCompile>
    <ClCompile Include="InputManager.cpp">
      <Filter>Core\Managers</Filter>
    </ClCompile>
    <ClCompile Include="SceneManager.cpp">
      <Filter>Core\Managers</Filter>
    </ClCompile>
    <ClCompile Include="main.cpp" />
    <ClCompile Include="WindowManager.cpp">
      <Filter>Core\Managers</Filter>
    </ClCompile>
    <ClCompile Include="RenderingManager.cpp">
      <Filter>Rendering</Filter>
    </ClCompile>
    <ClCompile Include="VirtualRealityManager.cpp">
      <Filter>VR</Filter>
    </ClCompile>
  </ItemGroup>
  <ItemGroup>
    <Filter Include="Core">
      <UniqueIdentifier>{303a7378-a80b-4a7b-a639-785f79d2d7e9}</UniqueIdentifier>
    </Filter>
    <Filter Include="Core\Managers">
      <UniqueIdentifier>{1a464798-a157-4ad6-a39c-6d5c9e4b0057}</UniqueIdentifier>
    </Filter>
    <Filter Include="Rendering">
      <UniqueIdentifier>{98d78805-7bbd-4ae5-b351-dd0e81ad0d48}</UniqueIdentifier>
    </Filter>
    <Filter Include="VR">
      <UniqueIdentifier>{f41f715d-8ba0-4930-8a88-0cb2542edf55}</UniqueIdentifier>
    </Filter>
  </ItemGroup>
  <ItemGroup>
    <ClInclude Include="Core.h">
      <Filter>Core</Filter>
    </ClInclude>
    <ClInclude Include="InputManager.h">
      <Filter>Core\Managers</Filter>
    </ClInclude>
    <ClInclude Include="SceneManager.h">
      <Filter>Core\Managers</Filter>
    </ClInclude>
    <ClInclude Include="WindowManager.h">
      <Filter>Core\Managers</Filter>
    </ClInclude>
    <ClInclude Include="BaseManager.h">
      <Filter>Core\Managers</Filter>
    </ClInclude>
    <ClInclude Include="RenderingManager.h">
      <Filter>Rendering</Filter>
    </ClInclude>
    <ClInclude Include="VirtualRealityManager.h">
      <Filter>VR</Filter>
    </ClInclude>
  </ItemGroup>
</Project>